Microsoft Visual Studio Solution File, Format Version 12.00
# Visual Studio 2012
Project("{FAE04EC0-301F-11D3-BF4B-00C04F79EFBC}") = "Proyecto Final Taller", "Proyecto Final Taller.csproj", "{189F75D9-74F3-44F8-B0F5-C8435E27DD3D}"
EndProject
Global
	GlobalSection(SolutionConfigurationPlatforms) = preSolution
	Debug|Any CPU = Debug|Any CPU
	ExportDebug|Any CPU = ExportDebug|Any CPU
	ExportRelease|Any CPU = ExportRelease|Any CPU
	EndGlobalSection
	GlobalSection(ProjectConfigurationPlatforms) = postSolution
		{189F75D9-74F3-44F8-B0F5-C8435E27DD3D}.Debug|Any CPU.ActiveCfg = Debug|Any CPU
		{189F75D9-74F3-44F8-B0F5-C8435E27DD3D}.Debug|Any CPU.Build.0 = Debug|Any CPU
		{189F75D9-74F3-44F8-B0F5-C8435E27DD3D}.ExportDebug|Any CPU.ActiveCfg = ExportDebug|Any CPU
		{189F75D9-74F3-44F8-B0F5-C8435E27DD3D}.ExportDebug|Any CPU.Build.0 = ExportDebug|Any CPU
		{189F75D9-74F3-44F8-B0F5-C8435E27DD3D}.ExportRelease|Any CPU.ActiveCfg = ExportRelease|Any CPU
		{189F75D9-74F3-44F8-B0F5-C8435E27DD3D}.ExportRelease|Any CPU.Build.0 = ExportRelease|Any CPU
	EndGlobalSection
EndGlobal
